# THIS IS AN AUTOGENERATED FILE. DO NOT EDIT THIS FILE DIRECTLY.
# yarn lockfile v1


datatables.net-bs4@^3.2.2:
  version "3.2.2"
  resolved "https://registry.yarnpkg.com/datatables.net-bs4/-/datatables.net-bs4-3.2.2.tgz#47860d8ccb24724309fe300de72eafd7201bbac6"
  integrity sha1-R4YNjMskckMJ/jAN5y6v1yAbusY=
  dependencies:
    datatables.net ">=1.10.13"
    jquery ">=1.7"

datatables.net-bs5@^1.10.25:
  version "1.10.25"
  resolved "https://registry.yarnpkg.com/datatables.net-bs5/-/datatables.net-bs5-1.10.25.tgz#68d6a3e109aec0d6a57645844434025215a89656"
  integrity sha512-SiONLsCrVOuSZm8AcKcMrpo9ZriCdtuf9udzxwK92yrI2a+mnuSi0EreG35Rcq1ORRELqrp3/2o+qcTHo7fSsg==
  dependencies:
    datatables.net "^1.10.15"
    jquery ">=1.7"

datatables.net@>=1.10.13, datatables.net@^1.10.15:
  version "1.10.25"
  resolved "https://registry.yarnpkg.com/datatables.net/-/datatables.net-1.10.25.tgz#fc03a239e08f91d1d64ba101aa54daf4086d162c"
  integrity sha512-y0+C7all+MC/h1acwnjErhaJPjYGKpWTvbXrfEUbR8+P+nnhgjNn5nL1udgsTwBObMhlj1KITNBRrM/ZLSoj+Q==
  dependencies:
    jquery ">=1.7"

jquery@>=1.7:
  version "3.6.0"
  resolved "https://registry.yarnpkg.com/jquery/-/jquery-3.6.0.tgz#c72a09f15c1bdce142f49dbf1170bdf8adac2470"
  integrity sha512-JVzAR/AjBvVt2BmYhxRCSYysDsPcssdmTFnzyLEts9qNwmjmu4JTAMYubEfwVOSwpQ1I1sKKFcxhZCI2buerfw==
